<?xml version="1.0" encoding="utf-8"?>
<Project ToolsVersion="4.0" xmlns="http://schemas.microsoft.com/developer/msbuild/2003">
  <ItemGroup>
    <ClCompile Include="Render\Camera.cpp">
      <Filter>Render</Filter>
    </ClCompile>
    <ClCompile Include="Render\Render.cpp">
      <Filter>Render</Filter>
    </ClCompile>
    <ClCompile Include="RenderUtils.cpp">
      <Filter>Resource\basics</Filter>
    </ClCompile>
    <ClCompile Include="callbacks.cpp">
      <Filter>Resource\basics</Filter>
    </ClCompile>
    <ClCompile Include="Scene.cpp">
      <Filter>Resource\basics</Filter>
    </ClCompile>
    <ClCompile Include="Particle.cpp">
      <Filter>Resource\basics</Filter>
    </ClCompile>
    <ClCompile Include="Disparo.cpp">
      <Filter>Resource\Sistemas de particulas</Filter>
    </ClCompile>
    <ClCompile Include="Cascada.cpp">
      <Filter>Resource\Sistemas de particulas</Filter>
    </ClCompile>
    <ClCompile Include="Niebla.cpp">
      <Filter>Resource\Sistemas de particulas</Filter>
    </ClCompile>
    <ClCompile Include="Sangre.cpp">
      <Filter>Resource\Sistemas de particulas</Filter>
    </ClCompile>
    <ClCompile Include="Object.cpp">
      <Filter>Resource\basics</Filter>
    </ClCompile>
    <ClCompile Include="Proyectile.cpp">
      <Filter>Resource\basics</Filter>
    </ClCompile>
    <ClCompile Include="ForceSystem.cpp">
      <Filter>Resource\Systems</Filter>
    </ClCompile>
    <ClCompile Include="ParticleSystem.cpp">
      <Filter>Resource\Systems</Filter>
    </ClCompile>
    <ClCompile Include="ParticleGenerator.cpp">
      <Filter>Resource\Systems</Filter>
    </ClCompile>
    <ClCompile Include="ForceGenerator.cpp">
      <Filter>Resource\Systems</Filter>
    </ClCompile>
    <ClCompile Include="VientoGenerador.cpp">
      <Filter>Head\Sistemas de fuerzas</Filter>
    </ClCompile>
    <ClCompile Include="SceneParticleSystem.cpp">
      <Filter>Resource\Scenes</Filter>
    </ClCompile>
    <ClCompile Include="SceneManager.cpp">
      <Filter>Resource\basics</Filter>
    </ClCompile>
    <ClCompile Include="SceneNiebla.cpp">
      <Filter>Resource\Scenes</Filter>
    </ClCompile>
    <ClCompile Include="main.cpp">
      <Filter>Resource</Filter>
    </ClCompile>
    <ClCompile Include="System.cpp">
      <Filter>Head\basics</Filter>
    </ClCompile>
  </ItemGroup>
  <ItemGroup>
    <ClInclude Include="core.hpp" />
    <ClInclude Include="Render\Camera.h">
      <Filter>Render</Filter>
    </ClInclude>
    <ClInclude Include="Render\Render.h">
      <Filter>Render</Filter>
    </ClInclude>
    <ClInclude Include="RenderUtils.hpp" />
    <ClInclude Include="callbacks.hpp" />
    <ClInclude Include="Particle.h">
      <Filter>Head\basics</Filter>
    </ClInclude>
    <ClInclude Include="Vector3D.h">
      <Filter>Head\basics</Filter>
    </ClInclude>
    <ClInclude Include="resource.h">
      <Filter>Head\basics</Filter>
    </ClInclude>
    <ClInclude Include="Scene.h">
      <Filter>Head\basics</Filter>
    </ClInclude>
    <ClInclude Include="Object.h">
      <Filter>Head\basics</Filter>
    </ClInclude>
    <ClInclude Include="Disparo.h">
      <Filter>Head\Sistemas de particulas</Filter>
    </ClInclude>
    <ClInclude Include="Cascada.h">
      <Filter>Head\Sistemas de particulas</Filter>
    </ClInclude>
    <ClInclude Include="Niebla.h">
      <Filter>Head\Sistemas de particulas</Filter>
    </ClInclude>
    <ClInclude Include="Sangre.h">
      <Filter>Head\Sistemas de particulas</Filter>
    </ClInclude>
    <ClInclude Include="Proyectile.h">
      <Filter>Head\basics</Filter>
    </ClInclude>
    <ClInclude Include="ParticleSystem.h">
      <Filter>Head\Systems</Filter>
    </ClInclude>
    <ClInclude Include="ParticleGenerator.h">
      <Filter>Head\Systems</Filter>
    </ClInclude>
    <ClInclude Include="ForceSystem.h">
      <Filter>Head\Systems</Filter>
    </ClInclude>
    <ClInclude Include="ForceGenerator.h">
      <Filter>Head\Systems</Filter>
    </ClInclude>
    <ClInclude Include="VientoGenerador.h">
      <Filter>Resource\Sistemas de fuerzas</Filter>
    </ClInclude>
    <ClInclude Include="SceneNiebla.h">
      <Filter>Head\Scenes</Filter>
    </ClInclude>
    <ClInclude Include="SceneParticleSystem.h">
      <Filter>Head\Scenes</Filter>
    </ClInclude>
    <ClInclude Include="SceneManager.h">
      <Filter>Head\basics</Filter>
    </ClInclude>
    <ClInclude Include="System.h">
      <Filter>Resource\basics</Filter>
    </ClInclude>
  </ItemGroup>
  <ItemGroup>
    <Filter Include="Render">
      <UniqueIdentifier>{d04b4f9f-5a69-465e-8070-25c6d0bcd3c2}</UniqueIdentifier>
    </Filter>
    <Filter Include="Head">
      <UniqueIdentifier>{dd7220de-693a-44a5-a0f4-a768a14e0990}</UniqueIdentifier>
    </Filter>
    <Filter Include="Head\basics">
      <UniqueIdentifier>{41e79493-0db8-4cfd-b502-46266e27ee0f}</UniqueIdentifier>
    </Filter>
    <Filter Include="Resource">
      <UniqueIdentifier>{6a8ce9b8-75ae-47d6-ba94-59bf8cd3c47f}</UniqueIdentifier>
    </Filter>
    <Filter Include="Resource\basics">
      <UniqueIdentifier>{d5e39e65-7ab6-4553-95d5-7a1af76062f8}</UniqueIdentifier>
    </Filter>
    <Filter Include="Resource\Sistemas de particulas">
      <UniqueIdentifier>{52fdc625-d219-4766-84d2-300cea9637d8}</UniqueIdentifier>
    </Filter>
    <Filter Include="Head\Sistemas de particulas">
      <UniqueIdentifier>{218731dc-61ac-47a0-b853-7571eba247c6}</UniqueIdentifier>
    </Filter>
    <Filter Include="Head\Systems">
      <UniqueIdentifier>{5b8e7910-656c-4db1-a4f1-0e273de4b447}</UniqueIdentifier>
    </Filter>
    <Filter Include="Resource\Systems">
      <UniqueIdentifier>{8289dae3-feb5-49f1-9b3b-e28f99f2a4eb}</UniqueIdentifier>
    </Filter>
    <Filter Include="Resource\Sistemas de fuerzas">
      <UniqueIdentifier>{edc2897a-a124-4716-86a1-18bf0f03ea88}</UniqueIdentifier>
    </Filter>
    <Filter Include="Head\Sistemas de fuerzas">
      <UniqueIdentifier>{f9b2a5c6-b074-4a43-9e72-4ce541391752}</UniqueIdentifier>
    </Filter>
    <Filter Include="Head\Scenes">
      <UniqueIdentifier>{89b35705-d48d-4171-8475-d7743f1d68d9}</UniqueIdentifier>
    </Filter>
    <Filter Include="Resource\Scenes">
      <UniqueIdentifier>{e59d36d3-b914-40d9-b348-033b66715327}</UniqueIdentifier>
    </Filter>
  </ItemGroup>
  <ItemGroup>
    <ResourceCompile Include="game.rc" />
  </ItemGroup>
</Project>