<?xml version="1.0" encoding="utf-8"?>
<Project ToolsVersion="4.0" xmlns="http://schemas.microsoft.com/developer/msbuild/2003">
  <ItemGroup>
    <ClCompile Include="Render\Camera.cpp">
      <Filter>Render</Filter>
    </ClCompile>
    <ClCompile Include="Render\Render.cpp">
      <Filter>Render</Filter>
    </ClCompile>
    <ClCompile Include="main.cpp">
      <Filter>Resource</Filter>
    </ClCompile>
    <ClCompile Include="callbacks.cpp" />
    <ClCompile Include="basics\SceneManager.cpp">
      <Filter>Resource\basics</Filter>
    </ClCompile>
    <ClCompile Include="basics\Widget.cpp">
      <Filter>Resource\basics</Filter>
    </ClCompile>
    <ClCompile Include="basics\Particle.cpp">
      <Filter>Resource\basics</Filter>
    </ClCompile>
    <ClCompile Include="basics\Proyectile.cpp">
      <Filter>Resource\basics</Filter>
    </ClCompile>
    <ClCompile Include="basics\Scene.cpp">
      <Filter>Resource\basics</Filter>
    </ClCompile>
    <ClCompile Include="scenes\ScenaViento.cpp">
      <Filter>Resource\Scenes</Filter>
    </ClCompile>
    <ClCompile Include="scenes\SceneNiebla.cpp">
      <Filter>Resource\Scenes</Filter>
    </ClCompile>
    <ClCompile Include="scenes\SceneParticleSystem.cpp">
      <Filter>Resource\Scenes</Filter>
    </ClCompile>
    <ClCompile Include="scenes\ScenaTorbellino.cpp">
      <Filter>Resource\Scenes</Filter>
    </ClCompile>
    <ClCompile Include="sistemas de particulas\Disparo.cpp">
      <Filter>Resource\Sistemas de particulas</Filter>
    </ClCompile>
    <ClCompile Include="sistemas de particulas\Sangre.cpp">
      <Filter>Resource\Sistemas de particulas</Filter>
    </ClCompile>
    <ClCompile Include="systems\ForceSystem.cpp">
      <Filter>Resource\Systems</Filter>
    </ClCompile>
    <ClCompile Include="systems\ParticleGenerator.cpp">
      <Filter>Resource\Systems</Filter>
    </ClCompile>
    <ClCompile Include="systems\ParticleSystem.cpp">
      <Filter>Resource\Systems</Filter>
    </ClCompile>
    <ClCompile Include="systems\ForceGenerator.cpp">
      <Filter>Resource\Systems</Filter>
    </ClCompile>
    <ClCompile Include="scenes\ScenaExplosion.cpp">
      <Filter>Resource\Scenes</Filter>
    </ClCompile>
    <ClCompile Include="scenes\ScenaMuelles.cpp">
      <Filter>Resource\Scenes</Filter>
    </ClCompile>
    <ClCompile Include="scenes\ScenaSolidoRigido.cpp">
      <Filter>Resource\Scenes</Filter>
    </ClCompile>
    <ClCompile Include="RenderUtils.cpp">
      <Filter>Resource\basics</Filter>
    </ClCompile>
    <ClCompile Include="basics\RBDynamic.cpp">
      <Filter>Resource\basics</Filter>
    </ClCompile>
    <ClCompile Include="basics\RBStatic.cpp">
      <Filter>Resource\basics</Filter>
    </ClCompile>
    <ClCompile Include="basics\GameObject.cpp">
      <Filter>Resource\basics</Filter>
    </ClCompile>
    <ClCompile Include="Global.cpp">
      <Filter>Resource</Filter>
    </ClCompile>
    <ClCompile Include="ProyectoFinal\Scenes\ScenaIntro.cpp">
      <Filter>Proyecto final\Scenes</Filter>
    </ClCompile>
    <ClCompile Include="ProyectoFinal\Basics\Button.cpp">
      <Filter>Proyecto final\basics</Filter>
    </ClCompile>
    <ClCompile Include="ProyectoFinal\Scenes\ScenaMontaje.cpp">
      <Filter>Proyecto final\Scenes</Filter>
    </ClCompile>
    <ClCompile Include="ProyectoFinal\Basics\Anchor.cpp">
      <Filter>Proyecto final\basics</Filter>
    </ClCompile>
    <ClCompile Include="ProyectoFinal\Scenes\ScenaLaunch.cpp">
      <Filter>Proyecto final\Scenes</Filter>
    </ClCompile>
    <ClCompile Include="ProyectoFinal\ObjetorsDeJuego\ObjetoMovible.cpp">
      <Filter>Proyecto final\objetosDeJuego</Filter>
    </ClCompile>
    <ClCompile Include="ProyectoFinal\ObjetorsDeJuego\Modulo.cpp">
      <Filter>Proyecto final\objetosDeJuego</Filter>
    </ClCompile>
  </ItemGroup>
  <ItemGroup>
    <ClInclude Include="core.hpp" />
    <ClInclude Include="Render\Camera.h">
      <Filter>Render</Filter>
    </ClInclude>
    <ClInclude Include="Render\Render.h">
      <Filter>Render</Filter>
    </ClInclude>
    <ClInclude Include="RenderUtils.hpp" />
    <ClInclude Include="callbacks.hpp" />
    <ClInclude Include="resource.h" />
    <ClInclude Include="basics\Widget.h">
      <Filter>Head\basics</Filter>
    </ClInclude>
    <ClInclude Include="basics\Object.h">
      <Filter>Head\basics</Filter>
    </ClInclude>
    <ClInclude Include="basics\Particle.h">
      <Filter>Head\basics</Filter>
    </ClInclude>
    <ClInclude Include="basics\Proyectile.h">
      <Filter>Head\basics</Filter>
    </ClInclude>
    <ClInclude Include="basics\Scene.h">
      <Filter>Head\basics</Filter>
    </ClInclude>
    <ClInclude Include="basics\SceneManager.h">
      <Filter>Head\basics</Filter>
    </ClInclude>
    <ClInclude Include="basics\System.h">
      <Filter>Head\basics</Filter>
    </ClInclude>
    <ClInclude Include="scenes\ScenaViento.h">
      <Filter>Head\Scenes</Filter>
    </ClInclude>
    <ClInclude Include="scenes\SceneNiebla.h">
      <Filter>Head\Scenes</Filter>
    </ClInclude>
    <ClInclude Include="scenes\SceneParticleSystem.h">
      <Filter>Head\Scenes</Filter>
    </ClInclude>
    <ClInclude Include="scenes\ScenaTorbellino.h">
      <Filter>Head\Scenes</Filter>
    </ClInclude>
    <ClInclude Include="sistemas de particulas\Disparo.h">
      <Filter>Head\Sistemas de particulas</Filter>
    </ClInclude>
    <ClInclude Include="sistemas de particulas\Sangre.h">
      <Filter>Head\Sistemas de particulas</Filter>
    </ClInclude>
    <ClInclude Include="systems\ParticleSystem.h">
      <Filter>Head\Systems</Filter>
    </ClInclude>
    <ClInclude Include="systems\ForceGenerator.h">
      <Filter>Head\Systems</Filter>
    </ClInclude>
    <ClInclude Include="systems\ForceSystem.h">
      <Filter>Head\Systems</Filter>
    </ClInclude>
    <ClInclude Include="systems\ParticleGenerator.h">
      <Filter>Head\Systems</Filter>
    </ClInclude>
    <ClInclude Include="scenes\ScenaExplosion.h">
      <Filter>Head\Scenes</Filter>
    </ClInclude>
    <ClInclude Include="scenes\ScenaMuelles.h">
      <Filter>Head\Scenes</Filter>
    </ClInclude>
    <ClInclude Include="basics\GameObject.h">
      <Filter>Head\basics</Filter>
    </ClInclude>
    <ClInclude Include="basics\RBActor.h">
      <Filter>Head\basics</Filter>
    </ClInclude>
    <ClInclude Include="basics\RBDynamic.h">
      <Filter>Head\basics</Filter>
    </ClInclude>
    <ClInclude Include="basics\RBStatic.h">
      <Filter>Head\basics</Filter>
    </ClInclude>
    <ClInclude Include="scenes\ScenaSolidoRigido.h">
      <Filter>Head\Scenes</Filter>
    </ClInclude>
    <ClInclude Include="Global.h">
      <Filter>Head</Filter>
    </ClInclude>
    <ClInclude Include="ProyectoFinal\Scenes\ScenaIntro.h">
      <Filter>Proyecto final\Scenes</Filter>
    </ClInclude>
    <ClInclude Include="ProyectoFinal\Basics\Button.h">
      <Filter>Proyecto final\basics</Filter>
    </ClInclude>
    <ClInclude Include="ProyectoFinal\Scenes\ScenaMontaje.h">
      <Filter>Proyecto final\Scenes</Filter>
    </ClInclude>
    <ClInclude Include="ProyectoFinal\Basics\Anchor.h">
      <Filter>Proyecto final\basics</Filter>
    </ClInclude>
    <ClInclude Include="ProyectoFinal\Scenes\ScenaLaunch.h">
      <Filter>Proyecto final\Scenes</Filter>
    </ClInclude>
    <ClInclude Include="ProyectoFinal\ObjetorsDeJuego\Modulo.h">
      <Filter>Proyecto final\objetosDeJuego</Filter>
    </ClInclude>
    <ClInclude Include="ProyectoFinal\ObjetorsDeJuego\ObjetoMovible.h">
      <Filter>Proyecto final\objetosDeJuego</Filter>
    </ClInclude>
  </ItemGroup>
  <ItemGroup>
    <Filter Include="Render">
      <UniqueIdentifier>{d04b4f9f-5a69-465e-8070-25c6d0bcd3c2}</UniqueIdentifier>
    </Filter>
    <Filter Include="Head">
      <UniqueIdentifier>{dd7220de-693a-44a5-a0f4-a768a14e0990}</UniqueIdentifier>
    </Filter>
    <Filter Include="Head\basics">
      <UniqueIdentifier>{41e79493-0db8-4cfd-b502-46266e27ee0f}</UniqueIdentifier>
    </Filter>
    <Filter Include="Resource">
      <UniqueIdentifier>{6a8ce9b8-75ae-47d6-ba94-59bf8cd3c47f}</UniqueIdentifier>
    </Filter>
    <Filter Include="Resource\basics">
      <UniqueIdentifier>{d5e39e65-7ab6-4553-95d5-7a1af76062f8}</UniqueIdentifier>
    </Filter>
    <Filter Include="Resource\Sistemas de particulas">
      <UniqueIdentifier>{52fdc625-d219-4766-84d2-300cea9637d8}</UniqueIdentifier>
    </Filter>
    <Filter Include="Head\Sistemas de particulas">
      <UniqueIdentifier>{218731dc-61ac-47a0-b853-7571eba247c6}</UniqueIdentifier>
    </Filter>
    <Filter Include="Head\Systems">
      <UniqueIdentifier>{5b8e7910-656c-4db1-a4f1-0e273de4b447}</UniqueIdentifier>
    </Filter>
    <Filter Include="Resource\Systems">
      <UniqueIdentifier>{8289dae3-feb5-49f1-9b3b-e28f99f2a4eb}</UniqueIdentifier>
    </Filter>
    <Filter Include="Head\Scenes">
      <UniqueIdentifier>{89b35705-d48d-4171-8475-d7743f1d68d9}</UniqueIdentifier>
    </Filter>
    <Filter Include="Resource\Scenes">
      <UniqueIdentifier>{e59d36d3-b914-40d9-b348-033b66715327}</UniqueIdentifier>
    </Filter>
    <Filter Include="Proyecto final">
      <UniqueIdentifier>{95acd552-e806-40a5-8569-b9faf244f44b}</UniqueIdentifier>
    </Filter>
    <Filter Include="Proyecto final\Scenes">
      <UniqueIdentifier>{565b89be-1539-4a9e-871e-46c817352168}</UniqueIdentifier>
    </Filter>
    <Filter Include="Proyecto final\basics">
      <UniqueIdentifier>{1ad2e0d1-535d-43a0-88af-ac0443ebee5b}</UniqueIdentifier>
    </Filter>
    <Filter Include="Proyecto final\objetosDeJuego">
      <UniqueIdentifier>{65a723bb-9dc3-465f-baee-568b85d9ef9a}</UniqueIdentifier>
    </Filter>
  </ItemGroup>
  <ItemGroup>
    <ResourceCompile Include="game.rc" />
  </ItemGroup>
</Project>